
Microsoft Visual Studio Solution File, Format Version 12.00
# Visual Studio Version 17
VisualStudioVersion = 17.9.34902.65
MinimumVisualStudioVersion = 10.0.40219.1
Project("{FAE04EC0-301F-11D3-BF4B-00C04F79EFBC}") = "CreateNewButton", "CreateNewButton.csproj", "{184E11FE-97EF-4950-B437-7DFBD752016D}"
EndProject
Global
	GlobalSection(SolutionConfigurationPlatforms) = preSolution
		Debug|Any CPU = Debug|Any CPU
		Release|Any CPU = Release|Any CPU
	EndGlobalSection
	GlobalSection(ProjectConfigurationPlatforms) = postSolution
		{184E11FE-97EF-4950-B437-7DFBD752016D}.Debug|Any CPU.ActiveCfg = Debug|Any CPU
		{184E11FE-97EF-4950-B437-7DFBD752016D}.Debug|Any CPU.Build.0 = Debug|Any CPU
		{184E11FE-97EF-4950-B437-7DFBD752016D}.Release|Any CPU.ActiveCfg = Release|Any CPU
		{184E11FE-97EF-4950-B437-7DFBD752016D}.Release|Any CPU.Build.0 = Release|Any CPU
	EndGlobalSection
	GlobalSection(SolutionProperties) = preSolution
		HideSolutionNode = FALSE
	EndGlobalSection
	GlobalSection(ExtensibilityGlobals) = postSolution
		SolutionGuid = {925BF520-EB4F-47ED-A711-CD4B0D8F45EE}
	EndGlobalSection
EndGlobal
