
Microsoft Visual Studio Solution File, Format Version 12.00
# Visual Studio Version 17
VisualStudioVersion = 17.9.34902.65
MinimumVisualStudioVersion = 10.0.40219.1
Project("{FAE04EC0-301F-11D3-BF4B-00C04F79EFBC}") = "dataBinding", "dataBinding.csproj", "{95856799-2C3E-49EC-8FE6-05D6ADF0CBA4}"
EndProject
Global
	GlobalSection(SolutionConfigurationPlatforms) = preSolution
		Debug|Any CPU = Debug|Any CPU
		Release|Any CPU = Release|Any CPU
	EndGlobalSection
	GlobalSection(ProjectConfigurationPlatforms) = postSolution
		{95856799-2C3E-49EC-8FE6-05D6ADF0CBA4}.Debug|Any CPU.ActiveCfg = Debug|Any CPU
		{95856799-2C3E-49EC-8FE6-05D6ADF0CBA4}.Debug|Any CPU.Build.0 = Debug|Any CPU
		{95856799-2C3E-49EC-8FE6-05D6ADF0CBA4}.Release|Any CPU.ActiveCfg = Release|Any CPU
		{95856799-2C3E-49EC-8FE6-05D6ADF0CBA4}.Release|Any CPU.Build.0 = Release|Any CPU
	EndGlobalSection
	GlobalSection(SolutionProperties) = preSolution
		HideSolutionNode = FALSE
	EndGlobalSection
	GlobalSection(ExtensibilityGlobals) = postSolution
		SolutionGuid = {787DC652-06AB-4AA3-8D47-AA814B1A6261}
	EndGlobalSection
EndGlobal
