
Microsoft Visual Studio Solution File, Format Version 12.00
# Visual Studio Version 17
VisualStudioVersion = 17.9.34902.65
MinimumVisualStudioVersion = 10.0.40219.1
Project("{FAE04EC0-301F-11D3-BF4B-00C04F79EFBC}") = "LINQ", "LINQ.csproj", "{D9D6838E-F303-4516-B2E8-07F37FD69867}"
EndProject
Global
	GlobalSection(SolutionConfigurationPlatforms) = preSolution
		Debug|Any CPU = Debug|Any CPU
		Release|Any CPU = Release|Any CPU
	EndGlobalSection
	GlobalSection(ProjectConfigurationPlatforms) = postSolution
		{D9D6838E-F303-4516-B2E8-07F37FD69867}.Debug|Any CPU.ActiveCfg = Debug|Any CPU
		{D9D6838E-F303-4516-B2E8-07F37FD69867}.Debug|Any CPU.Build.0 = Debug|Any CPU
		{D9D6838E-F303-4516-B2E8-07F37FD69867}.Release|Any CPU.ActiveCfg = Release|Any CPU
		{D9D6838E-F303-4516-B2E8-07F37FD69867}.Release|Any CPU.Build.0 = Release|Any CPU
	EndGlobalSection
	GlobalSection(SolutionProperties) = preSolution
		HideSolutionNode = FALSE
	EndGlobalSection
	GlobalSection(ExtensibilityGlobals) = postSolution
		SolutionGuid = {2BC1CDEC-8CF9-4293-9231-6558280F2CA3}
	EndGlobalSection
EndGlobal
