
Microsoft Visual Studio Solution File, Format Version 12.00
# Visual Studio Version 17
VisualStudioVersion = 17.9.34902.65
MinimumVisualStudioVersion = 10.0.40219.1
Project("{FAE04EC0-301F-11D3-BF4B-00C04F79EFBC}") = "diceHandling", "diceHandling.csproj", "{1451AB7B-F3BB-441B-A582-255C11F45D74}"
EndProject
Global
	GlobalSection(SolutionConfigurationPlatforms) = preSolution
		Debug|Any CPU = Debug|Any CPU
		Release|Any CPU = Release|Any CPU
	EndGlobalSection
	GlobalSection(ProjectConfigurationPlatforms) = postSolution
		{1451AB7B-F3BB-441B-A582-255C11F45D74}.Debug|Any CPU.ActiveCfg = Debug|Any CPU
		{1451AB7B-F3BB-441B-A582-255C11F45D74}.Debug|Any CPU.Build.0 = Debug|Any CPU
		{1451AB7B-F3BB-441B-A582-255C11F45D74}.Release|Any CPU.ActiveCfg = Release|Any CPU
		{1451AB7B-F3BB-441B-A582-255C11F45D74}.Release|Any CPU.Build.0 = Release|Any CPU
	EndGlobalSection
	GlobalSection(SolutionProperties) = preSolution
		HideSolutionNode = FALSE
	EndGlobalSection
	GlobalSection(ExtensibilityGlobals) = postSolution
		SolutionGuid = {A2044446-6219-4F99-B900-AAF429E815A3}
	EndGlobalSection
EndGlobal
